// !$*UTF8*$!
{
	archiveVersion = 1;
	classes = {
	};
	objectVersion = 46;
	objects = {

/* Begin PBXBuildFile section */
		56297EB61F50F59D0056224C /* main.m in Sources */ = {isa = PBXBuildFile; fileRef = 56297EB51F50F59D0056224C /* main.m */; };
		56297EB91F50F59D0056224C /* AppDelegate.m in Sources */ = {isa = PBXBuildFile; fileRef = 56297EB81F50F59D0056224C /* AppDelegate.m */; };
		56297EBC1F50F59D0056224C /* ViewController.m in Sources */ = {isa = PBXBuildFile; fileRef = 56297EBB1F50F59D0056224C /* ViewController.m */; };
		56297EBF1F50F59D0056224C /* Main.storyboard in Resources */ = {isa = PBXBuildFile; fileRef = 56297EBD1F50F59D0056224C /* Main.storyboard */; };
		56297EC11F50F59D0056224C /* Assets.xcassets in Resources */ = {isa = PBXBuildFile; fileRef = 56297EC01F50F59D0056224C /* Assets.xcassets */; };
		56297EC41F50F59D0056224C /* LaunchScreen.storyboard in Resources */ = {isa = PBXBuildFile; fileRef = 56297EC21F50F59D0056224C /* LaunchScreen.storyboard */; };
		56297ECF1F50F59D0056224C /* ReactiveAppsWorkshopTests.m in Sources */ = {isa = PBXBuildFile; fileRef = 56297ECE1F50F59D0056224C /* ReactiveAppsWorkshopTests.m */; };
		56297EDA1F50F59D0056224C /* ReactiveAppsWorkshopUITests.m in Sources */ = {isa = PBXBuildFile; fileRef = 56297ED91F50F59D0056224C /* ReactiveAppsWorkshopUITests.m */; };
/* End PBXBuildFile section */

/* Begin PBXContainerItemProxy section */
		56297ECB1F50F59D0056224C /* PBXContainerItemProxy */ = {
			isa = PBXContainerItemProxy;
			containerPortal = 56297EA91F50F59D0056224C /* Project object */;
			proxyType = 1;
			remoteGlobalIDString = 56297EB01F50F59D0056224C;
			remoteInfo = ReactiveAppsWorkshop;
		};
		56297ED61F50F59D0056224C /* PBXContainerItemProxy */ = {
			isa = PBXContainerItemProxy;
			containerPortal = 56297EA91F50F59D0056224C /* Project object */;
			proxyType = 1;
			remoteGlobalIDString = 56297EB01F50F59D0056224C;
			remoteInfo = ReactiveAppsWorkshop;
		};
/* End PBXContainerItemProxy section */

/* Begin PBXFileReference section */
		56297EB11F50F59D0056224C /* ReactiveAppsWorkshop.app */ = {isa = PBXFileReference; explicitFileType = wrapper.application; includeInIndex = 0; path = ReactiveAppsWorkshop.app; sourceTree = BUILT_PRODUCTS_DIR; };
		56297EB51F50F59D0056224C /* main.m */ = {isa = PBXFileReference; lastKnownFileType = sourcecode.c.objc; path = main.m; sourceTree = "<group>"; };
		56297EB71F50F59D0056224C /* AppDelegate.h */ = {isa = PBXFileReference; lastKnownFileType = sourcecode.c.h; path = AppDelegate.h; sourceTree = "<group>"; };
		56297EB81F50F59D0056224C /* AppDelegate.m */ = {isa = PBXFileReference; lastKnownFileType = sourcecode.c.objc; path = AppDelegate.m; sourceTree = "<group>"; };
		56297EBA1F50F59D0056224C /* ViewController.h */ = {isa = PBXFileReference; lastKnownFileType = sourcecode.c.h; path = ViewController.h; sourceTree = "<group>"; };
		56297EBB1F50F59D0056224C /* ViewController.m */ = {isa = PBXFileReference; lastKnownFileType = sourcecode.c.objc; path = ViewController.m; sourceTree = "<group>"; };
		56297EBE1F50F59D0056224C /* Base */ = {isa = PBXFileReference; lastKnownFileType = file.storyboard; name = Base; path = Base.lproj/Main.storyboard; sourceTree = "<group>"; };
		56297EC01F50F59D0056224C /* Assets.xcassets */ = {isa = PBXFileReference; lastKnownFileType = folder.assetcatalog; path = Assets.xcassets; sourceTree = "<group>"; };
		56297EC31F50F59D0056224C /* Base */ = {isa = PBXFileReference; lastKnownFileType = file.storyboard; name = Base; path = Base.lproj/LaunchScreen.storyboard; sourceTree = "<group>"; };
		56297EC51F50F59D0056224C /* Info.plist */ = {isa = PBXFileReference; lastKnownFileType = text.plist.xml; path = Info.plist; sourceTree = "<group>"; };
		56297ECA1F50F59D0056224C /* ReactiveAppsWorkshopTests.xctest */ = {isa = PBXFileReference; explicitFileType = wrapper.cfbundle; includeInIndex = 0; path = ReactiveAppsWorkshopTests.xctest; sourceTree = BUILT_PRODUCTS_DIR; };
		56297ECE1F50F59D0056224C /* ReactiveAppsWorkshopTests.m */ = {isa = PBXFileReference; lastKnownFileType = sourcecode.c.objc; path = ReactiveAppsWorkshopTests.m; sourceTree = "<group>"; };
		56297ED01F50F59D0056224C /* Info.plist */ = {isa = PBXFileReference; lastKnownFileType = text.plist.xml; path = Info.plist; sourceTree = "<group>"; };
		56297ED51F50F59D0056224C /* ReactiveAppsWorkshopUITests.xctest */ = {isa = PBXFileReference; explicitFileType = wrapper.cfbundle; includeInIndex = 0; path = ReactiveAppsWorkshopUITests.xctest; sourceTree = BUILT_PRODUCTS_DIR; };
		56297ED91F50F59D0056224C /* ReactiveAppsWorkshopUITests.m */ = {isa = PBXFileReference; lastKnownFileType = sourcecode.c.objc; path = ReactiveAppsWorkshopUITests.m; sourceTree = "<group>"; };
		56297EDB1F50F59D0056224C /* Info.plist */ = {isa = PBXFileReference; lastKnownFileType = text.plist.xml; path = Info.plist; sourceTree = "<group>"; };
/* End PBXFileReference section */

/* Begin PBXFrameworksBuildPhase section */
		56297EAE1F50F59D0056224C /* Frameworks */ = {
			isa = PBXFrameworksBuildPhase;
			buildActionMask = 2147483647;
			files = (
			);
			runOnlyForDeploymentPostprocessing = 0;
		};
		56297EC71F50F59D0056224C /* Frameworks */ = {
			isa = PBXFrameworksBuildPhase;
			buildActionMask = 2147483647;
			files = (
			);
			runOnlyForDeploymentPostprocessing = 0;
		};
		56297ED21F50F59D0056224C /* Frameworks */ = {
			isa = PBXFrameworksBuildPhase;
			buildActionMask = 2147483647;
			files = (
			);
			runOnlyForDeploymentPostprocessing = 0;
		};
/* End PBXFrameworksBuildPhase section */

/* Begin PBXGroup section */
		56297EA81F50F59D0056224C = {
			isa = PBXGroup;
			children = (
				56297EB31F50F59D0056224C /* ReactiveAppsWorkshop */,
				56297ECD1F50F59D0056224C /* ReactiveAppsWorkshopTests */,
				56297ED81F50F59D0056224C /* ReactiveAppsWorkshopUITests */,
				56297EB21F50F59D0056224C /* Products */,
			);
			sourceTree = "<group>";
		};
		56297EB21F50F59D0056224C /* Products */ = {
			isa = PBXGroup;
			children = (
				56297EB11F50F59D0056224C /* ReactiveAppsWorkshop.app */,
				56297ECA1F50F59D0056224C /* ReactiveAppsWorkshopTests.xctest */,
				56297ED51F50F59D0056224C /* ReactiveAppsWorkshopUITests.xctest */,
			);
			name = Products;
			sourceTree = "<group>";
		};
		56297EB31F50F59D0056224C /* ReactiveAppsWorkshop */ = {
			isa = PBXGroup;
			children = (
				56297EB71F50F59D0056224C /* AppDelegate.h */,
				56297EB81F50F59D0056224C /* AppDelegate.m */,
				56297EBA1F50F59D0056224C /* ViewController.h */,
				56297EBB1F50F59D0056224C /* ViewController.m */,
				56297EBD1F50F59D0056224C /* Main.storyboard */,
				56297EC01F50F59D0056224C /* Assets.xcassets */,
				56297EC21F50F59D0056224C /* LaunchScreen.storyboard */,
				56297EC51F50F59D0056224C /* Info.plist */,
				56297EB41F50F59D0056224C /* Supporting Files */,
			);
			path = ReactiveAppsWorkshop;
			sourceTree = "<group>";
		};
		56297EB41F50F59D0056224C /* Supporting Files */ = {
			isa = PBXGroup;
			children = (
				56297EB51F50F59D0056224C /* main.m */,
			);
			name = "Supporting Files";
			sourceTree = "<group>";
		};
		56297ECD1F50F59D0056224C /* ReactiveAppsWorkshopTests */ = {
			isa = PBXGroup;
			children = (
				56297ECE1F50F59D0056224C /* ReactiveAppsWorkshopTests.m */,
				56297ED01F50F59D0056224C /* Info.plist */,
			);
			path = ReactiveAppsWorkshopTests;
			sourceTree = "<group>";
		};
		56297ED81F50F59D0056224C /* ReactiveAppsWorkshopUITests */ = {
			isa = PBXGroup;
			children = (
				56297ED91F50F59D0056224C /* ReactiveAppsWorkshopUITests.m */,
				56297EDB1F50F59D0056224C /* Info.plist */,
			);
			path = ReactiveAppsWorkshopUITests;
			sourceTree = "<group>";
		};
/* End PBXGroup section */

/* Begin PBXNativeTarget section */
		56297EB01F50F59D0056224C /* ReactiveAppsWorkshop */ = {
			isa = PBXNativeTarget;
			buildConfigurationList = 56297EDE1F50F59D0056224C /* Build configuration list for PBXNativeTarget "ReactiveAppsWorkshop" */;
			buildPhases = (
				56297EAD1F50F59D0056224C /* Sources */,
				56297EAE1F50F59D0056224C /* Frameworks */,
				56297EAF1F50F59D0056224C /* Resources */,
			);
			buildRules = (
			);
			dependencies = (
			);
			name = ReactiveAppsWorkshop;
			productName = ReactiveAppsWorkshop;
			productReference = 56297EB11F50F59D0056224C /* ReactiveAppsWorkshop.app */;
			productType = "com.apple.product-type.application";
		};
		56297EC91F50F59D0056224C /* ReactiveAppsWorkshopTests */ = {
			isa = PBXNativeTarget;
			buildConfigurationList = 56297EE11F50F59D0056224C /* Build configuration list for PBXNativeTarget "ReactiveAppsWorkshopTests" */;
			buildPhases = (
				56297EC61F50F59D0056224C /* Sources */,
				56297EC71F50F59D0056224C /* Frameworks */,
				56297EC81F50F59D0056224C /* Resources */,
			);
			buildRules = (
			);
			dependencies = (
				56297ECC1F50F59D0056224C /* PBXTargetDependency */,
			);
			name = ReactiveAppsWorkshopTests;
			productName = ReactiveAppsWorkshopTests;
			productReference = 56297ECA1F50F59D0056224C /* ReactiveAppsWorkshopTests.xctest */;
			productType = "com.apple.product-type.bundle.unit-test";
		};
		56297ED41F50F59D0056224C /* ReactiveAppsWorkshopUITests */ = {
			isa = PBXNativeTarget;
			buildConfigurationList = 56297EE41F50F59D0056224C /* Build configuration list for PBXNativeTarget "ReactiveAppsWorkshopUITests" */;
			buildPhases = (
				56297ED11F50F59D0056224C /* Sources */,
				56297ED21F50F59D0056224C /* Frameworks */,
				56297ED31F50F59D0056224C /* Resources */,
			);
			buildRules = (
			);
			dependencies = (
				56297ED71F50F59D0056224C /* PBXTargetDependency */,
			);
			name = ReactiveAppsWorkshopUITests;
			productName = ReactiveAppsWorkshopUITests;
			productReference = 56297ED51F50F59D0056224C /* ReactiveAppsWorkshopUITests.xctest */;
			productType = "com.apple.product-type.bundle.ui-testing";
		};
/* End PBXNativeTarget section */

/* Begin PBXProject section */
		56297EA91F50F59D0056224C /* Project object */ = {
			isa = PBXProject;
			attributes = {
				LastUpgradeCheck = 0830;
				ORGANIZATIONNAME = "Jeames Bone";
				TargetAttributes = {
					56297EB01F50F59D0056224C = {
						CreatedOnToolsVersion = 8.3.3;
						DevelopmentTeam = V8DEB3888G;
						ProvisioningStyle = Automatic;
					};
					56297EC91F50F59D0056224C = {
						CreatedOnToolsVersion = 8.3.3;
						DevelopmentTeam = V8DEB3888G;
						ProvisioningStyle = Automatic;
						TestTargetID = 56297EB01F50F59D0056224C;
					};
					56297ED41F50F59D0056224C = {
						CreatedOnToolsVersion = 8.3.3;
						DevelopmentTeam = V8DEB3888G;
						ProvisioningStyle = Automatic;
						TestTargetID = 56297EB01F50F59D0056224C;
					};
				};
			};
			buildConfigurationList = 56297EAC1F50F59D0056224C /* Build configuration list for PBXProject "ReactiveAppsWorkshop" */;
			compatibilityVersion = "Xcode 3.2";
			developmentRegion = English;
			hasScannedForEncodings = 0;
			knownRegions = (
				en,
				Base,
			);
			mainGroup = 56297EA81F50F59D0056224C;
			productRefGroup = 56297EB21F50F59D0056224C /* Products */;
			projectDirPath = "";
			projectRoot = "";
			targets = (
				56297EB01F50F59D0056224C /* ReactiveAppsWorkshop */,
				56297EC91F50F59D0056224C /* ReactiveAppsWorkshopTests */,
				56297ED41F50F59D0056224C /* ReactiveAppsWorkshopUITests */,
			);
		};
/* End PBXProject section */

/* Begin PBXResourcesBuildPhase section */
		56297EAF1F50F59D0056224C /* Resources */ = {
			isa = PBXResourcesBuildPhase;
			buildActionMask = 2147483647;
			files = (
				56297EC41F50F59D0056224C /* LaunchScreen.storyboard in Resources */,
				56297EC11F50F59D0056224C /* Assets.xcassets in Resources */,
				56297EBF1F50F59D0056224C /* Main.storyboard in Resources */,
			);
			runOnlyForDeploymentPostprocessing = 0;
		};
		56297EC81F50F59D0056224C /* Resources */ = {
			isa = PBXResourcesBuildPhase;
			buildActionMask = 2147483647;
			files = (
			);
			runOnlyForDeploymentPostprocessing = 0;
		};
		56297ED31F50F59D0056224C /* Resources */ = {
			isa = PBXResourcesBuildPhase;
			buildActionMask = 2147483647;
			files = (
			);
			runOnlyForDeploymentPostprocessing = 0;
		};
/* End PBXResourcesBuildPhase section */

/* Begin PBXSourcesBuildPhase section */
		56297EAD1F50F59D0056224C /* Sources */ = {
			isa = PBXSourcesBuildPhase;
			buildActionMask = 2147483647;
			files = (
				56297EBC1F50F59D0056224C /* ViewController.m in Sources */,
				56297EB91F50F59D0056224C /* AppDelegate.m in Sources */,
				56297EB61F50F59D0056224C /* main.m in Sources */,
			);
			runOnlyForDeploymentPostprocessing = 0;
		};
		56297EC61F50F59D0056224C /* Sources */ = {
			isa = PBXSourcesBuildPhase;
			buildActionMask = 2147483647;
			files = (
				56297ECF1F50F59D0056224C /* ReactiveAppsWorkshopTests.m in Sources */,
			);
			runOnlyForDeploymentPostprocessing = 0;
		};
		56297ED11F50F59D0056224C /* Sources */ = {
			isa = PBXSourcesBuildPhase;
			buildActionMask = 2147483647;
			files = (
				56297EDA1F50F59D0056224C /* ReactiveAppsWorkshopUITests.m in Sources */,
			);
			runOnlyForDeploymentPostprocessing = 0;
		};
/* End PBXSourcesBuildPhase section */

/* Begin PBXTargetDependency section */
		56297ECC1F50F59D0056224C /* PBXTargetDependency */ = {
			isa = PBXTargetDependency;
			target = 56297EB01F50F59D0056224C /* ReactiveAppsWorkshop */;
			targetProxy = 56297ECB1F50F59D0056224C /* PBXContainerItemProxy */;
		};
		56297ED71F50F59D0056224C /* PBXTargetDependency */ = {
			isa = PBXTargetDependency;
			target = 56297EB01F50F59D0056224C /* ReactiveAppsWorkshop */;
			targetProxy = 56297ED61F50F59D0056224C /* PBXContainerItemProxy */;
		};
/* End PBXTargetDependency section */

/* Begin PBXVariantGroup section */
		56297EBD1F50F59D0056224C /* Main.storyboard */ = {
			isa = PBXVariantGroup;
			children = (
				56297EBE1F50F59D0056224C /* Base */,
			);
			name = Main.storyboard;
			sourceTree = "<group>";
		};
		56297EC21F50F59D0056224C /* LaunchScreen.storyboard */ = {
			isa = PBXVariantGroup;
			children = (
				56297EC31F50F59D0056224C /* Base */,
			);
			name = LaunchScreen.storyboard;
			sourceTree = "<group>";
		};
/* End PBXVariantGroup section */

/* Begin XCBuildConfiguration section */
		56297EDC1F50F59D0056224C /* Debug */ = {
			isa = XCBuildConfiguration;
			buildSettings = {
				ALWAYS_SEARCH_USER_PATHS = NO;
				CLANG_ANALYZER_NONNULL = YES;
				CLANG_ANALYZER_NUMBER_OBJECT_CONVERSION = YES_AGGRESSIVE;
				CLANG_CXX_LANGUAGE_STANDARD = "gnu++0x";
				CLANG_CXX_LIBRARY = "libc++";
				CLANG_ENABLE_MODULES = YES;
				CLANG_ENABLE_OBJC_ARC = YES;
				CLANG_WARN_BOOL_CONVERSION = YES;
				CLANG_WARN_CONSTANT_CONVERSION = YES;
				CLANG_WARN_DIRECT_OBJC_ISA_USAGE = YES_ERROR;
				CLANG_WARN_DOCUMENTATION_COMMENTS = YES;
				CLANG_WARN_EMPTY_BODY = YES;
				CLANG_WARN_ENUM_CONVERSION = YES;
				CLANG_WARN_INFINITE_RECURSION = YES;
				CLANG_WARN_INT_CONVERSION = YES;
				CLANG_WARN_OBJC_ROOT_CLASS = YES_ERROR;
				CLANG_WARN_SUSPICIOUS_MOVE = YES;
				CLANG_WARN_UNREACHABLE_CODE = YES;
				CLANG_WARN__DUPLICATE_METHOD_MATCH = YES;
				"CODE_SIGN_IDENTITY[sdk=iphoneos*]" = "iPhone Developer";
				COPY_PHASE_STRIP = NO;
				DEBUG_INFORMATION_FORMAT = dwarf;
				ENABLE_STRICT_OBJC_MSGSEND = YES;
				ENABLE_TESTABILITY = YES;
				GCC_C_LANGUAGE_STANDARD = gnu99;
				GCC_DYNAMIC_NO_PIC = NO;
				GCC_NO_COMMON_BLOCKS = YES;
				GCC_OPTIMIZATION_LEVEL = 0;
				GCC_PREPROCESSOR_DEFINITIONS = (
					"DEBUG=1",
					"$(inherited)",
				);
				GCC_WARN_64_TO_32_BIT_CONVERSION = YES;
				GCC_WARN_ABOUT_RETURN_TYPE = YES_ERROR;
				GCC_WARN_UNDECLARED_SELECTOR = YES;
				GCC_WARN_UNINITIALIZED_AUTOS = YES_AGGRESSIVE;
				GCC_WARN_UNUSED_FUNCTION = YES;
				GCC_WARN_UNUSED_VARIABLE = YES;
				IPHONEOS_DEPLOYMENT_TARGET = 10.3;
				MTL_ENABLE_DEBUG_INFO = YES;
				ONLY_ACTIVE_ARCH = YES;
				SDKROOT = iphoneos;
				TARGETED_DEVICE_FAMILY = "1,2";
			};
			name = Debug;
		};
		56297EDD1F50F59D0056224C /* Release */ = {
			isa = XCBuildConfiguration;
			buildSettings = {
				ALWAYS_SEARCH_USER_PATHS = NO;
				CLANG_ANALYZER_NONNULL = YES;
				CLANG_ANALYZER_NUMBER_OBJECT_CONVERSION = YES_AGGRESSIVE;
				CLANG_CXX_LANGUAGE_STANDARD = "gnu++0x";
				CLANG_CXX_LIBRARY = "libc++";
				CLANG_ENABLE_MODULES = YES;
				CLANG_ENABLE_OBJC_ARC = YES;
				CLANG_WARN_BOOL_CONVERSION = YES;
				CLANG_WARN_CONSTANT_CONVERSION = YES;
				CLANG_WARN_DIRECT_OBJC_ISA_USAGE = YES_ERROR;
				CLANG_WARN_DOCUMENTATION_COMMENTS = YES;
				CLANG_WARN_EMPTY_BODY = YES;
				CLANG_WARN_ENUM_CONVERSION = YES;
				CLANG_WARN_INFINITE_RECURSION = YES;
				CLANG_WARN_INT_CONVERSION = YES;
				CLANG_WARN_OBJC_ROOT_CLASS = YES_ERROR;
				CLANG_WARN_SUSPICIOUS_MOVE = YES;
				CLANG_WARN_UNREACHABLE_CODE = YES;
				CLANG_WARN__DUPLICATE_METHOD_MATCH = YES;
				"CODE_SIGN_IDENTITY[sdk=iphoneos*]" = "iPhone Developer";
				COPY_PHASE_STRIP = NO;
				DEBUG_INFORMATION_FORMAT = "dwarf-with-dsym";
				ENABLE_NS_ASSERTIONS = NO;
				ENABLE_STRICT_OBJC_MSGSEND = YES;
				GCC_C_LANGUAGE_STANDARD = gnu99;
				GCC_NO_COMMON_BLOCKS = YES;
				GCC_WARN_64_TO_32_BIT_CONVERSION = YES;
				GCC_WARN_ABOUT_RETURN_TYPE = YES_ERROR;
				GCC_WARN_UNDECLARED_SELECTOR = YES;
				GCC_WARN_UNINITIALIZED_AUTOS = YES_AGGRESSIVE;
				GCC_WARN_UNUSED_FUNCTION = YES;
				GCC_WARN_UNUSED_VARIABLE = YES;
				IPHONEOS_DEPLOYMENT_TARGET = 10.3;
				MTL_ENABLE_DEBUG_INFO = NO;
				SDKROOT = iphoneos;
				TARGETED_DEVICE_FAMILY = "1,2";
				VALIDATE_PRODUCT = YES;
			};
			name = Release;
		};
		56297EDF1F50F59D0056224C /* Debug */ = {
			isa = XCBuildConfiguration;
			buildSettings = {
				ASSETCATALOG_COMPILER_APPICON_NAME = AppIcon;
				DEVELOPMENT_TEAM = V8DEB3888G;
				INFOPLIST_FILE = ReactiveAppsWorkshop/Info.plist;
				LD_RUNPATH_SEARCH_PATHS = "$(inherited) @executable_path/Frameworks";
				PRODUCT_BUNDLE_IDENTIFIER = io.jeames.ReactiveAppsWorkshop;
				PRODUCT_NAME = "$(TARGET_NAME)";
			};
			name = Debug;
		};
		56297EE01F50F59D0056224C /* Release */ = {
			isa = XCBuildConfiguration;
			buildSettings = {
				ASSETCATALOG_COMPILER_APPICON_NAME = AppIcon;
				DEVELOPMENT_TEAM = V8DEB3888G;
				INFOPLIST_FILE = ReactiveAppsWorkshop/Info.plist;
				LD_RUNPATH_SEARCH_PATHS = "$(inherited) @executable_path/Frameworks";
				PRODUCT_BUNDLE_IDENTIFIER = io.jeames.ReactiveAppsWorkshop;
				PRODUCT_NAME = "$(TARGET_NAME)";
			};
			name = Release;
		};
		56297EE21F50F59D0056224C /* Debug */ = {
			isa = XCBuildConfiguration;
			buildSettings = {
				BUNDLE_LOADER = "$(TEST_HOST)";
				DEVELOPMENT_TEAM = V8DEB3888G;
				INFOPLIST_FILE = ReactiveAppsWorkshopTests/Info.plist;
				LD_RUNPATH_SEARCH_PATHS = "$(inherited) @executable_path/Frameworks @loader_path/Frameworks";
				PRODUCT_BUNDLE_IDENTIFIER = io.jeames.ReactiveAppsWorkshopTests;
				PRODUCT_NAME = "$(TARGET_NAME)";
				TEST_HOST = "$(BUILT_PRODUCTS_DIR)/ReactiveAppsWorkshop.app/ReactiveAppsWorkshop";
			};
			name = Debug;
		};
		56297EE31F50F59D0056224C /* Release */ = {
			isa = XCBuildConfiguration;
			buildSettings = {
				BUNDLE_LOADER = "$(TEST_HOST)";
				DEVELOPMENT_TEAM = V8DEB3888G;
				INFOPLIST_FILE = ReactiveAppsWorkshopTests/Info.plist;
				LD_RUNPATH_SEARCH_PATHS = "$(inherited) @executable_path/Frameworks @loader_path/Frameworks";
				PRODUCT_BUNDLE_IDENTIFIER = io.jeames.ReactiveAppsWorkshopTests;
				PRODUCT_NAME = "$(TARGET_NAME)";
				TEST_HOST = "$(BUILT_PRODUCTS_DIR)/ReactiveAppsWorkshop.app/ReactiveAppsWorkshop";
			};
			name = Release;
		};
		56297EE51F50F59D0056224C /* Debug */ = {
			isa = XCBuildConfiguration;
			buildSettings = {
				DEVELOPMENT_TEAM = V8DEB3888G;
				INFOPLIST_FILE = ReactiveAppsWorkshopUITests/Info.plist;
				LD_RUNPATH_SEARCH_PATHS = "$(inherited) @executable_path/Frameworks @loader_path/Frameworks";
				PRODUCT_BUNDLE_IDENTIFIER = io.jeames.ReactiveAppsWorkshopUITests;
				PRODUCT_NAME = "$(TARGET_NAME)";
				TEST_TARGET_NAME = ReactiveAppsWorkshop;
			};
			name = Debug;
		};
		56297EE61F50F59D0056224C /* Release */ = {
			isa = XCBuildConfiguration;
			buildSettings = {
				DEVELOPMENT_TEAM = V8DEB3888G;
				INFOPLIST_FILE = ReactiveAppsWorkshopUITests/Info.plist;
				LD_RUNPATH_SEARCH_PATHS = "$(inherited) @executable_path/Frameworks @loader_path/Frameworks";
				PRODUCT_BUNDLE_IDENTIFIER = io.jeames.ReactiveAppsWorkshopUITests;
				PRODUCT_NAME = "$(TARGET_NAME)";
				TEST_TARGET_NAME = ReactiveAppsWorkshop;
			};
			name = Release;
		};
/* End XCBuildConfiguration section */

/* Begin XCConfigurationList section */
		56297EAC1F50F59D0056224C /* Build configuration list for PBXProject "ReactiveAppsWorkshop" */ = {
			isa = XCConfigurationList;
			buildConfigurations = (
				56297EDC1F50F59D0056224C /* Debug */,
				56297EDD1F50F59D0056224C /* Release */,
			);
			defaultConfigurationIsVisible = 0;
			defaultConfigurationName = Release;
		};
		56297EDE1F50F59D0056224C /* Build configuration list for PBXNativeTarget "ReactiveAppsWorkshop" */ = {
			isa = XCConfigurationList;
			buildConfigurations = (
				56297EDF1F50F59D0056224C /* Debug */,
				56297EE01F50F59D0056224C /* Release */,
			);
			defaultConfigurationIsVisible = 0;
		};
		56297EE11F50F59D0056224C /* Build configuration list for PBXNativeTarget "ReactiveAppsWorkshopTests" */ = {
			isa = XCConfigurationList;
			buildConfigurations = (
				56297EE21F50F59D0056224C /* Debug */,
				56297EE31F50F59D0056224C /* Release */,
			);
			defaultConfigurationIsVisible = 0;
		};
		56297EE41F50F59D0056224C /* Build configuration list for PBXNativeTarget "ReactiveAppsWorkshopUITests" */ = {
			isa = XCConfigurationList;
			buildConfigurations = (
				56297EE51F50F59D0056224C /* Debug */,
				56297EE61F50F59D0056224C /* Release */,
			);
			defaultConfigurationIsVisible = 0;
		};
/* End XCConfigurationList section */
	};
	rootObject = 56297EA91F50F59D0056224C /* Project object */;
}
