// !$*UTF8*$!
{
	archiveVersion = 1;
	classes = {
	};
	objectVersion = 46;
	objects = {

/* Begin PBXBuildFile section */
		56297EF41F50F6EE0056224C /* AppDelegate.swift in Sources */ = {isa = PBXBuildFile; fileRef = 56297EF31F50F6EE0056224C /* AppDelegate.swift */; };
		56297EF91F50F6EE0056224C /* Main.storyboard in Resources */ = {isa = PBXBuildFile; fileRef = 56297EF71F50F6EE0056224C /* Main.storyboard */; };
		56297EFB1F50F6EE0056224C /* Assets.xcassets in Resources */ = {isa = PBXBuildFile; fileRef = 56297EFA1F50F6EE0056224C /* Assets.xcassets */; };
		56297EFE1F50F6EE0056224C /* LaunchScreen.storyboard in Resources */ = {isa = PBXBuildFile; fileRef = 56297EFC1F50F6EE0056224C /* LaunchScreen.storyboard */; };
		56297F091F50F6EE0056224C /* MapTests.swift in Sources */ = {isa = PBXBuildFile; fileRef = 56297F081F50F6EE0056224C /* MapTests.swift */; };
		569832081F52DEF2008F8241 /* Result.framework in Frameworks */ = {isa = PBXBuildFile; fileRef = 569832071F52DEF2008F8241 /* Result.framework */; };
		569832091F52DEF2008F8241 /* Result.framework in Embed Frameworks */ = {isa = PBXBuildFile; fileRef = 569832071F52DEF2008F8241 /* Result.framework */; settings = {ATTRIBUTES = (CodeSignOnCopy, RemoveHeadersOnCopy, ); }; };
		5698320C1F52DEFD008F8241 /* ReactiveCocoa.framework in Frameworks */ = {isa = PBXBuildFile; fileRef = 5698320B1F52DEFD008F8241 /* ReactiveCocoa.framework */; };
		5698320D1F52DEFD008F8241 /* ReactiveCocoa.framework in Embed Frameworks */ = {isa = PBXBuildFile; fileRef = 5698320B1F52DEFD008F8241 /* ReactiveCocoa.framework */; settings = {ATTRIBUTES = (CodeSignOnCopy, RemoveHeadersOnCopy, ); }; };
		5698320F1F52DF03008F8241 /* ReactiveSwift.framework in Frameworks */ = {isa = PBXBuildFile; fileRef = 5698320E1F52DF03008F8241 /* ReactiveSwift.framework */; };
		569832101F52DF03008F8241 /* ReactiveSwift.framework in Embed Frameworks */ = {isa = PBXBuildFile; fileRef = 5698320E1F52DF03008F8241 /* ReactiveSwift.framework */; settings = {ATTRIBUTES = (CodeSignOnCopy, RemoveHeadersOnCopy, ); }; };
/* End PBXBuildFile section */

/* Begin PBXContainerItemProxy section */
		56297F051F50F6EE0056224C /* PBXContainerItemProxy */ = {
			isa = PBXContainerItemProxy;
			containerPortal = 56297EE81F50F6EE0056224C /* Project object */;
			proxyType = 1;
			remoteGlobalIDString = 56297EEF1F50F6EE0056224C;
			remoteInfo = ReactiveAppsWorkshop;
		};
/* End PBXContainerItemProxy section */

/* Begin PBXCopyFilesBuildPhase section */
		5698320A1F52DEF2008F8241 /* Embed Frameworks */ = {
			isa = PBXCopyFilesBuildPhase;
			buildActionMask = 2147483647;
			dstPath = "";
			dstSubfolderSpec = 10;
			files = (
				569832091F52DEF2008F8241 /* Result.framework in Embed Frameworks */,
				5698320D1F52DEFD008F8241 /* ReactiveCocoa.framework in Embed Frameworks */,
				569832101F52DF03008F8241 /* ReactiveSwift.framework in Embed Frameworks */,
			);
			name = "Embed Frameworks";
			runOnlyForDeploymentPostprocessing = 0;
		};
/* End PBXCopyFilesBuildPhase section */

/* Begin PBXFileReference section */
		56297EF01F50F6EE0056224C /* ReactiveAppsWorkshop.app */ = {isa = PBXFileReference; explicitFileType = wrapper.application; includeInIndex = 0; path = ReactiveAppsWorkshop.app; sourceTree = BUILT_PRODUCTS_DIR; };
		56297EF31F50F6EE0056224C /* AppDelegate.swift */ = {isa = PBXFileReference; lastKnownFileType = sourcecode.swift; path = AppDelegate.swift; sourceTree = "<group>"; };
		56297EF81F50F6EE0056224C /* Base */ = {isa = PBXFileReference; lastKnownFileType = file.storyboard; name = Base; path = Base.lproj/Main.storyboard; sourceTree = "<group>"; };
		56297EFA1F50F6EE0056224C /* Assets.xcassets */ = {isa = PBXFileReference; lastKnownFileType = folder.assetcatalog; path = Assets.xcassets; sourceTree = "<group>"; };
		56297EFD1F50F6EE0056224C /* Base */ = {isa = PBXFileReference; lastKnownFileType = file.storyboard; name = Base; path = Base.lproj/LaunchScreen.storyboard; sourceTree = "<group>"; };
		56297EFF1F50F6EE0056224C /* Info.plist */ = {isa = PBXFileReference; lastKnownFileType = text.plist.xml; path = Info.plist; sourceTree = "<group>"; };
		56297F041F50F6EE0056224C /* ReactiveAppsWorkshopTests.xctest */ = {isa = PBXFileReference; explicitFileType = wrapper.cfbundle; includeInIndex = 0; path = ReactiveAppsWorkshopTests.xctest; sourceTree = BUILT_PRODUCTS_DIR; };
		56297F081F50F6EE0056224C /* MapTests.swift */ = {isa = PBXFileReference; lastKnownFileType = sourcecode.swift; path = MapTests.swift; sourceTree = "<group>"; };
		56297F0A1F50F6EE0056224C /* Info.plist */ = {isa = PBXFileReference; lastKnownFileType = text.plist.xml; path = Info.plist; sourceTree = "<group>"; };
		569832071F52DEF2008F8241 /* Result.framework */ = {isa = PBXFileReference; explicitFileType = wrapper.framework; path = Result.framework; sourceTree = BUILT_PRODUCTS_DIR; };
		5698320B1F52DEFD008F8241 /* ReactiveCocoa.framework */ = {isa = PBXFileReference; explicitFileType = wrapper.framework; path = ReactiveCocoa.framework; sourceTree = BUILT_PRODUCTS_DIR; };
		5698320E1F52DF03008F8241 /* ReactiveSwift.framework */ = {isa = PBXFileReference; explicitFileType = wrapper.framework; path = ReactiveSwift.framework; sourceTree = BUILT_PRODUCTS_DIR; };
/* End PBXFileReference section */

/* Begin PBXFrameworksBuildPhase section */
		56297EED1F50F6EE0056224C /* Frameworks */ = {
			isa = PBXFrameworksBuildPhase;
			buildActionMask = 2147483647;
			files = (
				569832081F52DEF2008F8241 /* Result.framework in Frameworks */,
				5698320C1F52DEFD008F8241 /* ReactiveCocoa.framework in Frameworks */,
				5698320F1F52DF03008F8241 /* ReactiveSwift.framework in Frameworks */,
			);
			runOnlyForDeploymentPostprocessing = 0;
		};
		56297F011F50F6EE0056224C /* Frameworks */ = {
			isa = PBXFrameworksBuildPhase;
			buildActionMask = 2147483647;
			files = (
			);
			runOnlyForDeploymentPostprocessing = 0;
		};
/* End PBXFrameworksBuildPhase section */

/* Begin PBXGroup section */
		560CD02E1F52F9A200F64196 /* Frameworks */ = {
			isa = PBXGroup;
			children = (
				5698320E1F52DF03008F8241 /* ReactiveSwift.framework */,
				5698320B1F52DEFD008F8241 /* ReactiveCocoa.framework */,
				569832071F52DEF2008F8241 /* Result.framework */,
			);
			name = Frameworks;
			sourceTree = "<group>";
		};
		560CD02F1F52FB3400F64196 /* Service */ = {
			isa = PBXGroup;
			children = (
			);
			name = Service;
			sourceTree = "<group>";
		};
		56297EE71F50F6EE0056224C = {
			isa = PBXGroup;
			children = (
				560CD02E1F52F9A200F64196 /* Frameworks */,
				56297EF21F50F6EE0056224C /* ReactiveAppsWorkshop */,
				56297F071F50F6EE0056224C /* ReactiveAppsWorkshopTests */,
				56297EF11F50F6EE0056224C /* Products */,
			);
			sourceTree = "<group>";
		};
		56297EF11F50F6EE0056224C /* Products */ = {
			isa = PBXGroup;
			children = (
				56297EF01F50F6EE0056224C /* ReactiveAppsWorkshop.app */,
				56297F041F50F6EE0056224C /* ReactiveAppsWorkshopTests.xctest */,
			);
			name = Products;
			sourceTree = "<group>";
		};
		56297EF21F50F6EE0056224C /* ReactiveAppsWorkshop */ = {
			isa = PBXGroup;
			children = (
				560CD02F1F52FB3400F64196 /* Service */,
				569831FE1F5297DC008F8241 /* Configuration */,
				569831FD1F5297D5008F8241 /* Search */,
				56297EF31F50F6EE0056224C /* AppDelegate.swift */,
				56297EF71F50F6EE0056224C /* Main.storyboard */,
				56297EFA1F50F6EE0056224C /* Assets.xcassets */,
				56297EFC1F50F6EE0056224C /* LaunchScreen.storyboard */,
				56297EFF1F50F6EE0056224C /* Info.plist */,
			);
			path = ReactiveAppsWorkshop;
			sourceTree = "<group>";
		};
		56297F071F50F6EE0056224C /* ReactiveAppsWorkshopTests */ = {
			isa = PBXGroup;
			children = (
				56297F081F50F6EE0056224C /* MapTests.swift */,
				56297F0A1F50F6EE0056224C /* Info.plist */,
			);
			path = ReactiveAppsWorkshopTests;
			sourceTree = "<group>";
		};
		569831FD1F5297D5008F8241 /* Search */ = {
			isa = PBXGroup;
			children = (
			);
			name = Search;
			sourceTree = "<group>";
		};
		569831FE1F5297DC008F8241 /* Configuration */ = {
			isa = PBXGroup;
			children = (
			);
			name = Configuration;
			sourceTree = "<group>";
		};
/* End PBXGroup section */

/* Begin PBXNativeTarget section */
		56297EEF1F50F6EE0056224C /* ReactiveAppsWorkshop */ = {
			isa = PBXNativeTarget;
			buildConfigurationList = 56297F0D1F50F6EE0056224C /* Build configuration list for PBXNativeTarget "ReactiveAppsWorkshop" */;
			buildPhases = (
				56297EEC1F50F6EE0056224C /* Sources */,
				56297EED1F50F6EE0056224C /* Frameworks */,
				56297EEE1F50F6EE0056224C /* Resources */,
				5698320A1F52DEF2008F8241 /* Embed Frameworks */,
			);
			buildRules = (
			);
			dependencies = (
			);
			name = ReactiveAppsWorkshop;
			productName = ReactiveAppsWorkshop;
			productReference = 56297EF01F50F6EE0056224C /* ReactiveAppsWorkshop.app */;
			productType = "com.apple.product-type.application";
		};
		56297F031F50F6EE0056224C /* ReactiveAppsWorkshopTests */ = {
			isa = PBXNativeTarget;
			buildConfigurationList = 56297F101F50F6EE0056224C /* Build configuration list for PBXNativeTarget "ReactiveAppsWorkshopTests" */;
			buildPhases = (
				56297F001F50F6EE0056224C /* Sources */,
				56297F011F50F6EE0056224C /* Frameworks */,
				56297F021F50F6EE0056224C /* Resources */,
			);
			buildRules = (
			);
			dependencies = (
				56297F061F50F6EE0056224C /* PBXTargetDependency */,
			);
			name = ReactiveAppsWorkshopTests;
			productName = ReactiveAppsWorkshopTests;
			productReference = 56297F041F50F6EE0056224C /* ReactiveAppsWorkshopTests.xctest */;
			productType = "com.apple.product-type.bundle.unit-test";
		};
/* End PBXNativeTarget section */

/* Begin PBXProject section */
		56297EE81F50F6EE0056224C /* Project object */ = {
			isa = PBXProject;
			attributes = {
				LastSwiftUpdateCheck = 0830;
				LastUpgradeCheck = 0830;
				ORGANIZATIONNAME = "Jeames Bone";
				TargetAttributes = {
					56297EEF1F50F6EE0056224C = {
						CreatedOnToolsVersion = 8.3.3;
						DevelopmentTeam = V8DEB3888G;
						ProvisioningStyle = Automatic;
					};
					56297F031F50F6EE0056224C = {
						CreatedOnToolsVersion = 8.3.3;
						DevelopmentTeam = V8DEB3888G;
						ProvisioningStyle = Automatic;
						TestTargetID = 56297EEF1F50F6EE0056224C;
					};
				};
			};
			buildConfigurationList = 56297EEB1F50F6EE0056224C /* Build configuration list for PBXProject "ReactiveAppsWorkshop" */;
			compatibilityVersion = "Xcode 3.2";
			developmentRegion = English;
			hasScannedForEncodings = 0;
			knownRegions = (
				en,
				Base,
			);
			mainGroup = 56297EE71F50F6EE0056224C;
			productRefGroup = 56297EF11F50F6EE0056224C /* Products */;
			projectDirPath = "";
			projectRoot = "";
			targets = (
				56297EEF1F50F6EE0056224C /* ReactiveAppsWorkshop */,
				56297F031F50F6EE0056224C /* ReactiveAppsWorkshopTests */,
			);
		};
/* End PBXProject section */

/* Begin PBXResourcesBuildPhase section */
		56297EEE1F50F6EE0056224C /* Resources */ = {
			isa = PBXResourcesBuildPhase;
			buildActionMask = 2147483647;
			files = (
				56297EFE1F50F6EE0056224C /* LaunchScreen.storyboard in Resources */,
				56297EFB1F50F6EE0056224C /* Assets.xcassets in Resources */,
				56297EF91F50F6EE0056224C /* Main.storyboard in Resources */,
			);
			runOnlyForDeploymentPostprocessing = 0;
		};
		56297F021F50F6EE0056224C /* Resources */ = {
			isa = PBXResourcesBuildPhase;
			buildActionMask = 2147483647;
			files = (
			);
			runOnlyForDeploymentPostprocessing = 0;
		};
/* End PBXResourcesBuildPhase section */

/* Begin PBXSourcesBuildPhase section */
		56297EEC1F50F6EE0056224C /* Sources */ = {
			isa = PBXSourcesBuildPhase;
			buildActionMask = 2147483647;
			files = (
				56297EF41F50F6EE0056224C /* AppDelegate.swift in Sources */,
			);
			runOnlyForDeploymentPostprocessing = 0;
		};
		56297F001F50F6EE0056224C /* Sources */ = {
			isa = PBXSourcesBuildPhase;
			buildActionMask = 2147483647;
			files = (
				56297F091F50F6EE0056224C /* MapTests.swift in Sources */,
			);
			runOnlyForDeploymentPostprocessing = 0;
		};
/* End PBXSourcesBuildPhase section */

/* Begin PBXTargetDependency section */
		56297F061F50F6EE0056224C /* PBXTargetDependency */ = {
			isa = PBXTargetDependency;
			target = 56297EEF1F50F6EE0056224C /* ReactiveAppsWorkshop */;
			targetProxy = 56297F051F50F6EE0056224C /* PBXContainerItemProxy */;
		};
/* End PBXTargetDependency section */

/* Begin PBXVariantGroup section */
		56297EF71F50F6EE0056224C /* Main.storyboard */ = {
			isa = PBXVariantGroup;
			children = (
				56297EF81F50F6EE0056224C /* Base */,
			);
			name = Main.storyboard;
			sourceTree = "<group>";
		};
		56297EFC1F50F6EE0056224C /* LaunchScreen.storyboard */ = {
			isa = PBXVariantGroup;
			children = (
				56297EFD1F50F6EE0056224C /* Base */,
			);
			name = LaunchScreen.storyboard;
			sourceTree = "<group>";
		};
/* End PBXVariantGroup section */

/* Begin XCBuildConfiguration section */
		56297F0B1F50F6EE0056224C /* Debug */ = {
			isa = XCBuildConfiguration;
			buildSettings = {
				ALWAYS_SEARCH_USER_PATHS = NO;
				CLANG_ANALYZER_NONNULL = YES;
				CLANG_ANALYZER_NUMBER_OBJECT_CONVERSION = YES_AGGRESSIVE;
				CLANG_CXX_LANGUAGE_STANDARD = "gnu++0x";
				CLANG_CXX_LIBRARY = "libc++";
				CLANG_ENABLE_MODULES = YES;
				CLANG_ENABLE_OBJC_ARC = YES;
				CLANG_WARN_BOOL_CONVERSION = YES;
				CLANG_WARN_CONSTANT_CONVERSION = YES;
				CLANG_WARN_DIRECT_OBJC_ISA_USAGE = YES_ERROR;
				CLANG_WARN_DOCUMENTATION_COMMENTS = YES;
				CLANG_WARN_EMPTY_BODY = YES;
				CLANG_WARN_ENUM_CONVERSION = YES;
				CLANG_WARN_INFINITE_RECURSION = YES;
				CLANG_WARN_INT_CONVERSION = YES;
				CLANG_WARN_OBJC_ROOT_CLASS = YES_ERROR;
				CLANG_WARN_SUSPICIOUS_MOVE = YES;
				CLANG_WARN_UNREACHABLE_CODE = YES;
				CLANG_WARN__DUPLICATE_METHOD_MATCH = YES;
				"CODE_SIGN_IDENTITY[sdk=iphoneos*]" = "iPhone Developer";
				COPY_PHASE_STRIP = NO;
				DEBUG_INFORMATION_FORMAT = dwarf;
				ENABLE_STRICT_OBJC_MSGSEND = YES;
				ENABLE_TESTABILITY = YES;
				GCC_C_LANGUAGE_STANDARD = gnu99;
				GCC_DYNAMIC_NO_PIC = NO;
				GCC_NO_COMMON_BLOCKS = YES;
				GCC_OPTIMIZATION_LEVEL = 0;
				GCC_PREPROCESSOR_DEFINITIONS = (
					"DEBUG=1",
					"$(inherited)",
				);
				GCC_WARN_64_TO_32_BIT_CONVERSION = YES;
				GCC_WARN_ABOUT_RETURN_TYPE = YES_ERROR;
				GCC_WARN_UNDECLARED_SELECTOR = YES;
				GCC_WARN_UNINITIALIZED_AUTOS = YES_AGGRESSIVE;
				GCC_WARN_UNUSED_FUNCTION = YES;
				GCC_WARN_UNUSED_VARIABLE = YES;
				IPHONEOS_DEPLOYMENT_TARGET = 10.3;
				MTL_ENABLE_DEBUG_INFO = YES;
				ONLY_ACTIVE_ARCH = YES;
				SDKROOT = iphoneos;
				SWIFT_ACTIVE_COMPILATION_CONDITIONS = DEBUG;
				SWIFT_OPTIMIZATION_LEVEL = "-Onone";
				TARGETED_DEVICE_FAMILY = "1,2";
			};
			name = Debug;
		};
		56297F0C1F50F6EE0056224C /* Release */ = {
			isa = XCBuildConfiguration;
			buildSettings = {
				ALWAYS_SEARCH_USER_PATHS = NO;
				CLANG_ANALYZER_NONNULL = YES;
				CLANG_ANALYZER_NUMBER_OBJECT_CONVERSION = YES_AGGRESSIVE;
				CLANG_CXX_LANGUAGE_STANDARD = "gnu++0x";
				CLANG_CXX_LIBRARY = "libc++";
				CLANG_ENABLE_MODULES = YES;
				CLANG_ENABLE_OBJC_ARC = YES;
				CLANG_WARN_BOOL_CONVERSION = YES;
				CLANG_WARN_CONSTANT_CONVERSION = YES;
				CLANG_WARN_DIRECT_OBJC_ISA_USAGE = YES_ERROR;
				CLANG_WARN_DOCUMENTATION_COMMENTS = YES;
				CLANG_WARN_EMPTY_BODY = YES;
				CLANG_WARN_ENUM_CONVERSION = YES;
				CLANG_WARN_INFINITE_RECURSION = YES;
				CLANG_WARN_INT_CONVERSION = YES;
				CLANG_WARN_OBJC_ROOT_CLASS = YES_ERROR;
				CLANG_WARN_SUSPICIOUS_MOVE = YES;
				CLANG_WARN_UNREACHABLE_CODE = YES;
				CLANG_WARN__DUPLICATE_METHOD_MATCH = YES;
				"CODE_SIGN_IDENTITY[sdk=iphoneos*]" = "iPhone Developer";
				COPY_PHASE_STRIP = NO;
				DEBUG_INFORMATION_FORMAT = "dwarf-with-dsym";
				ENABLE_NS_ASSERTIONS = NO;
				ENABLE_STRICT_OBJC_MSGSEND = YES;
				GCC_C_LANGUAGE_STANDARD = gnu99;
				GCC_NO_COMMON_BLOCKS = YES;
				GCC_WARN_64_TO_32_BIT_CONVERSION = YES;
				GCC_WARN_ABOUT_RETURN_TYPE = YES_ERROR;
				GCC_WARN_UNDECLARED_SELECTOR = YES;
				GCC_WARN_UNINITIALIZED_AUTOS = YES_AGGRESSIVE;
				GCC_WARN_UNUSED_FUNCTION = YES;
				GCC_WARN_UNUSED_VARIABLE = YES;
				IPHONEOS_DEPLOYMENT_TARGET = 10.3;
				MTL_ENABLE_DEBUG_INFO = NO;
				SDKROOT = iphoneos;
				SWIFT_OPTIMIZATION_LEVEL = "-Owholemodule";
				TARGETED_DEVICE_FAMILY = "1,2";
				VALIDATE_PRODUCT = YES;
			};
			name = Release;
		};
		56297F0E1F50F6EE0056224C /* Debug */ = {
			isa = XCBuildConfiguration;
			buildSettings = {
				ASSETCATALOG_COMPILER_APPICON_NAME = AppIcon;
				DEVELOPMENT_TEAM = V8DEB3888G;
				FRAMEWORK_SEARCH_PATHS = (
					"$(inherited)",
					"$(PROJECT_DIR)/Carthage/Build/iOS",
					"$(PROJECT_DIR)/Carthage/Checkouts/ReactiveCocoa/build/Debug-iphoneos",
				);
				INFOPLIST_FILE = ReactiveAppsWorkshop/Info.plist;
				LD_RUNPATH_SEARCH_PATHS = "$(inherited) @executable_path/Frameworks";
				PRODUCT_BUNDLE_IDENTIFIER = io.jeames.ReactiveAppsWorkshop;
				PRODUCT_NAME = "$(TARGET_NAME)";
				SWIFT_VERSION = 3.0;
			};
			name = Debug;
		};
		56297F0F1F50F6EE0056224C /* Release */ = {
			isa = XCBuildConfiguration;
			buildSettings = {
				ASSETCATALOG_COMPILER_APPICON_NAME = AppIcon;
				DEVELOPMENT_TEAM = V8DEB3888G;
				FRAMEWORK_SEARCH_PATHS = (
					"$(inherited)",
					"$(PROJECT_DIR)/Carthage/Build/iOS",
					"$(PROJECT_DIR)/Carthage/Checkouts/ReactiveCocoa/build/Debug-iphoneos",
				);
				INFOPLIST_FILE = ReactiveAppsWorkshop/Info.plist;
				LD_RUNPATH_SEARCH_PATHS = "$(inherited) @executable_path/Frameworks";
				PRODUCT_BUNDLE_IDENTIFIER = io.jeames.ReactiveAppsWorkshop;
				PRODUCT_NAME = "$(TARGET_NAME)";
				SWIFT_VERSION = 3.0;
			};
			name = Release;
		};
		56297F111F50F6EE0056224C /* Debug */ = {
			isa = XCBuildConfiguration;
			buildSettings = {
				ALWAYS_EMBED_SWIFT_STANDARD_LIBRARIES = YES;
				BUNDLE_LOADER = "$(TEST_HOST)";
				DEVELOPMENT_TEAM = V8DEB3888G;
				FRAMEWORK_SEARCH_PATHS = (
					"$(inherited)",
					"$(PROJECT_DIR)/Carthage/Build/iOS",
				);
				INFOPLIST_FILE = ReactiveAppsWorkshopTests/Info.plist;
				LD_RUNPATH_SEARCH_PATHS = "$(inherited) @executable_path/Frameworks @loader_path/Frameworks";
				PRODUCT_BUNDLE_IDENTIFIER = io.jeames.ReactiveAppsWorkshopTests;
				PRODUCT_NAME = "$(TARGET_NAME)";
				SWIFT_VERSION = 3.0;
				TEST_HOST = "$(BUILT_PRODUCTS_DIR)/ReactiveAppsWorkshop.app/ReactiveAppsWorkshop";
			};
			name = Debug;
		};
		56297F121F50F6EE0056224C /* Release */ = {
			isa = XCBuildConfiguration;
			buildSettings = {
				ALWAYS_EMBED_SWIFT_STANDARD_LIBRARIES = YES;
				BUNDLE_LOADER = "$(TEST_HOST)";
				DEVELOPMENT_TEAM = V8DEB3888G;
				FRAMEWORK_SEARCH_PATHS = (
					"$(inherited)",
					"$(PROJECT_DIR)/Carthage/Build/iOS",
				);
				INFOPLIST_FILE = ReactiveAppsWorkshopTests/Info.plist;
				LD_RUNPATH_SEARCH_PATHS = "$(inherited) @executable_path/Frameworks @loader_path/Frameworks";
				PRODUCT_BUNDLE_IDENTIFIER = io.jeames.ReactiveAppsWorkshopTests;
				PRODUCT_NAME = "$(TARGET_NAME)";
				SWIFT_VERSION = 3.0;
				TEST_HOST = "$(BUILT_PRODUCTS_DIR)/ReactiveAppsWorkshop.app/ReactiveAppsWorkshop";
			};
			name = Release;
		};
/* End XCBuildConfiguration section */

/* Begin XCConfigurationList section */
		56297EEB1F50F6EE0056224C /* Build configuration list for PBXProject "ReactiveAppsWorkshop" */ = {
			isa = XCConfigurationList;
			buildConfigurations = (
				56297F0B1F50F6EE0056224C /* Debug */,
				56297F0C1F50F6EE0056224C /* Release */,
			);
			defaultConfigurationIsVisible = 0;
			defaultConfigurationName = Release;
		};
		56297F0D1F50F6EE0056224C /* Build configuration list for PBXNativeTarget "ReactiveAppsWorkshop" */ = {
			isa = XCConfigurationList;
			buildConfigurations = (
				56297F0E1F50F6EE0056224C /* Debug */,
				56297F0F1F50F6EE0056224C /* Release */,
			);
			defaultConfigurationIsVisible = 0;
			defaultConfigurationName = Release;
		};
		56297F101F50F6EE0056224C /* Build configuration list for PBXNativeTarget "ReactiveAppsWorkshopTests" */ = {
			isa = XCConfigurationList;
			buildConfigurations = (
				56297F111F50F6EE0056224C /* Debug */,
				56297F121F50F6EE0056224C /* Release */,
			);
			defaultConfigurationIsVisible = 0;
			defaultConfigurationName = Release;
		};
/* End XCConfigurationList section */
	};
	rootObject = 56297EE81F50F6EE0056224C /* Project object */;
}
